
Microsoft Visual Studio Solution File, Format Version 12.00
# Visual Studio 15
VisualStudioVersion = 15.0.27703.2047
MinimumVisualStudioVersion = 10.0.40219.1
Project("{FAE04EC0-301F-11D3-BF4B-00C04F79EFBC}") = "GUI", "GUI\GUI.csproj", "{ACA4E1FA-59F4-4630-8D8E-D526D17B330B}"
EndProject
Project("{FAE04EC0-301F-11D3-BF4B-00C04F79EFBC}") = "UnitTestProject", "UnitTestProject\UnitTestProject.csproj", "{8D343012-4628-4352-9734-AAAE321E31AC}"
EndProject
Project("{FAE04EC0-301F-11D3-BF4B-00C04F79EFBC}") = "Model", "Model\Model.csproj", "{E27BD0C4-6373-41CE-9005-4E28CB51E75A}"
EndProject
Global
	GlobalSection(SolutionConfigurationPlatforms) = preSolution
		Debug|Any CPU = Debug|Any CPU
		Release|Any CPU = Release|Any CPU
	EndGlobalSection
	GlobalSection(ProjectConfigurationPlatforms) = postSolution
		{ACA4E1FA-59F4-4630-8D8E-D526D17B330B}.Debug|Any CPU.ActiveCfg = Debug|Any CPU
		{ACA4E1FA-59F4-4630-8D8E-D526D17B330B}.Debug|Any CPU.Build.0 = Debug|Any CPU
		{ACA4E1FA-59F4-4630-8D8E-D526D17B330B}.Release|Any CPU.ActiveCfg = Release|Any CPU
		{ACA4E1FA-59F4-4630-8D8E-D526D17B330B}.Release|Any CPU.Build.0 = Release|Any CPU
		{8D343012-4628-4352-9734-AAAE321E31AC}.Debug|Any CPU.ActiveCfg = Debug|Any CPU
		{8D343012-4628-4352-9734-AAAE321E31AC}.Debug|Any CPU.Build.0 = Debug|Any CPU
		{8D343012-4628-4352-9734-AAAE321E31AC}.Release|Any CPU.ActiveCfg = Release|Any CPU
		{8D343012-4628-4352-9734-AAAE321E31AC}.Release|Any CPU.Build.0 = Release|Any CPU
		{E27BD0C4-6373-41CE-9005-4E28CB51E75A}.Debug|Any CPU.ActiveCfg = Debug|Any CPU
		{E27BD0C4-6373-41CE-9005-4E28CB51E75A}.Debug|Any CPU.Build.0 = Debug|Any CPU
		{E27BD0C4-6373-41CE-9005-4E28CB51E75A}.Release|Any CPU.ActiveCfg = Release|Any CPU
		{E27BD0C4-6373-41CE-9005-4E28CB51E75A}.Release|Any CPU.Build.0 = Release|Any CPU
	EndGlobalSection
	GlobalSection(SolutionProperties) = preSolution
		HideSolutionNode = FALSE
	EndGlobalSection
	GlobalSection(ExtensibilityGlobals) = postSolution
		SolutionGuid = {3ED9A469-3439-4B71-AC1E-9F50F362A421}
	EndGlobalSection
EndGlobal
