
Microsoft Visual Studio Solution File, Format Version 12.00
# Visual Studio 15
VisualStudioVersion = 15.0.27703.2047
MinimumVisualStudioVersion = 10.0.40219.1
Project("{FAE04EC0-301F-11D3-BF4B-00C04F79EFBC}") = "GUI", "GUI\GUI.csproj", "{ACA4E1FA-59F4-4630-8D8E-D526D17B330B}"
EndProject
Project("{FAE04EC0-301F-11D3-BF4B-00C04F79EFBC}") = "Modelo", "Algorithms\Modelo.csproj", "{5ED2EFE0-355B-45F0-815A-3174F3A39789}"
EndProject
Project("{FAE04EC0-301F-11D3-BF4B-00C04F79EFBC}") = "UnitTestProject", "UnitTestProject\UnitTestProject.csproj", "{98FD21E5-6950-4A4A-AD57-1035FEE16C79}"
EndProject
Global
	GlobalSection(SolutionConfigurationPlatforms) = preSolution
		Debug|Any CPU = Debug|Any CPU
		Release|Any CPU = Release|Any CPU
	EndGlobalSection
	GlobalSection(ProjectConfigurationPlatforms) = postSolution
		{ACA4E1FA-59F4-4630-8D8E-D526D17B330B}.Debug|Any CPU.ActiveCfg = Debug|Any CPU
		{ACA4E1FA-59F4-4630-8D8E-D526D17B330B}.Debug|Any CPU.Build.0 = Debug|Any CPU
		{ACA4E1FA-59F4-4630-8D8E-D526D17B330B}.Release|Any CPU.ActiveCfg = Release|Any CPU
		{ACA4E1FA-59F4-4630-8D8E-D526D17B330B}.Release|Any CPU.Build.0 = Release|Any CPU
		{5ED2EFE0-355B-45F0-815A-3174F3A39789}.Debug|Any CPU.ActiveCfg = Debug|Any CPU
		{5ED2EFE0-355B-45F0-815A-3174F3A39789}.Debug|Any CPU.Build.0 = Debug|Any CPU
		{5ED2EFE0-355B-45F0-815A-3174F3A39789}.Release|Any CPU.ActiveCfg = Release|Any CPU
		{5ED2EFE0-355B-45F0-815A-3174F3A39789}.Release|Any CPU.Build.0 = Release|Any CPU
		{98FD21E5-6950-4A4A-AD57-1035FEE16C79}.Debug|Any CPU.ActiveCfg = Debug|Any CPU
		{98FD21E5-6950-4A4A-AD57-1035FEE16C79}.Debug|Any CPU.Build.0 = Debug|Any CPU
		{98FD21E5-6950-4A4A-AD57-1035FEE16C79}.Release|Any CPU.ActiveCfg = Release|Any CPU
		{98FD21E5-6950-4A4A-AD57-1035FEE16C79}.Release|Any CPU.Build.0 = Release|Any CPU
	EndGlobalSection
	GlobalSection(SolutionProperties) = preSolution
		HideSolutionNode = FALSE
	EndGlobalSection
	GlobalSection(ExtensibilityGlobals) = postSolution
		SolutionGuid = {3ED9A469-3439-4B71-AC1E-9F50F362A421}
	EndGlobalSection
EndGlobal
